
Microsoft Visual Studio Solution File, Format Version 12.00
# Visual Studio Version 17
VisualStudioVersion = 17.4.33403.182
MinimumVisualStudioVersion = 10.0.40219.1
Project("{FAE04EC0-301F-11D3-BF4B-00C04F79EFBC}") = "Data-input-2", "Data-input-2.csproj", "{287A0A7E-BE4E-4562-B35F-7438F2E77EBE}"
EndProject
Global
	GlobalSection(SolutionConfigurationPlatforms) = preSolution
		Debug|Any CPU = Debug|Any CPU
		Release|Any CPU = Release|Any CPU
	EndGlobalSection
	GlobalSection(ProjectConfigurationPlatforms) = postSolution
		{287A0A7E-BE4E-4562-B35F-7438F2E77EBE}.Debug|Any CPU.ActiveCfg = Debug|Any CPU
		{287A0A7E-BE4E-4562-B35F-7438F2E77EBE}.Debug|Any CPU.Build.0 = Debug|Any CPU
		{287A0A7E-BE4E-4562-B35F-7438F2E77EBE}.Release|Any CPU.ActiveCfg = Release|Any CPU
		{287A0A7E-BE4E-4562-B35F-7438F2E77EBE}.Release|Any CPU.Build.0 = Release|Any CPU
	EndGlobalSection
	GlobalSection(SolutionProperties) = preSolution
		HideSolutionNode = FALSE
	EndGlobalSection
	GlobalSection(ExtensibilityGlobals) = postSolution
		SolutionGuid = {0E23927C-A6F3-46A7-A3F4-B40901EBBDD7}
	EndGlobalSection
EndGlobal
